
Microsoft Visual Studio Solution File, Format Version 12.00
# Visual Studio Version 16
VisualStudioVersion = 16.0.31911.196
MinimumVisualStudioVersion = 10.0.40219.1
Project("{FAE04EC0-301F-11D3-BF4B-00C04F79EFBC}") = "BasicAuthMccG3", "BasicAuthMccG3.csproj", "{F585FD27-B1E0-4CD4-9E16-B0217F753A96}"
EndProject
Global
	GlobalSection(SolutionConfigurationPlatforms) = preSolution
		Debug|Any CPU = Debug|Any CPU
		Release|Any CPU = Release|Any CPU
	EndGlobalSection
	GlobalSection(ProjectConfigurationPlatforms) = postSolution
		{F585FD27-B1E0-4CD4-9E16-B0217F753A96}.Debug|Any CPU.ActiveCfg = Debug|Any CPU
		{F585FD27-B1E0-4CD4-9E16-B0217F753A96}.Debug|Any CPU.Build.0 = Debug|Any CPU
		{F585FD27-B1E0-4CD4-9E16-B0217F753A96}.Release|Any CPU.ActiveCfg = Release|Any CPU
		{F585FD27-B1E0-4CD4-9E16-B0217F753A96}.Release|Any CPU.Build.0 = Release|Any CPU
	EndGlobalSection
	GlobalSection(SolutionProperties) = preSolution
		HideSolutionNode = FALSE
	EndGlobalSection
	GlobalSection(ExtensibilityGlobals) = postSolution
		SolutionGuid = {5E9AC826-A397-432E-94EC-6FE5E61E6AAB}
	EndGlobalSection
EndGlobal
